lockfileVersion: 5.4

specifiers:
  '@antv/g6': ^4.7.16
  '@types/node': ^18.11.10
  insert-css: ^2.0.0
  vitepress: ^1.0.0-alpha.29

devDependencies:
  '@antv/g6': 4.7.16
  '@types/node': 18.11.10
  insert-css: 2.0.0
  vitepress: 1.0.0-alpha.29_@types+node@18.11.10

packages:

  /@algolia/autocomplete-core/1.7.2:
    resolution: {integrity: sha512-eclwUDC6qfApNnEfu1uWcL/rudQsn59tjEoUYZYE2JSXZrHLRjBUGMxiCoknobU2Pva8ejb0eRxpIYDtVVqdsw==}
    dependencies:
      '@algolia/autocomplete-shared': 1.7.2
    dev: true

  /@algolia/autocomplete-preset-algolia/1.7.2_algoliasearch@4.14.2:
    resolution: {integrity: sha512-+RYEG6B0QiGGfRb2G3MtPfyrl0dALF3cQNTWBzBX6p5o01vCCGTTinAm2UKG3tfc2CnOMAtnPLkzNZyJUpnVJw==}
    peerDependencies:
      '@algolia/client-search': '>= 4.9.1 < 6'
      algoliasearch: '>= 4.9.1 < 6'
    dependencies:
      '@algolia/autocomplete-shared': 1.7.2
      algoliasearch: 4.14.2
    dev: true

  /@algolia/autocomplete-shared/1.7.2:
    resolution: {integrity: sha512-QCckjiC7xXHIUaIL3ektBtjJ0w7tTA3iqKcAE/Hjn1lZ5omp7i3Y4e09rAr9ZybqirL7AbxCLLq0Ra5DDPKeug==}
    dev: true

  /@algolia/cache-browser-local-storage/4.14.2:
    resolution: {integrity: sha512-FRweBkK/ywO+GKYfAWbrepewQsPTIEirhi1BdykX9mxvBPtGNKccYAxvGdDCumU1jL4r3cayio4psfzKMejBlA==}
    dependencies:
      '@algolia/cache-common': 4.14.2
    dev: true

  /@algolia/cache-common/4.14.2:
    resolution: {integrity: sha512-SbvAlG9VqNanCErr44q6lEKD2qoK4XtFNx9Qn8FK26ePCI8I9yU7pYB+eM/cZdS9SzQCRJBbHUumVr4bsQ4uxg==}
    dev: true

  /@algolia/cache-in-memory/4.14.2:
    resolution: {integrity: sha512-HrOukWoop9XB/VFojPv1R5SVXowgI56T9pmezd/djh2JnVN/vXswhXV51RKy4nCpqxyHt/aGFSq2qkDvj6KiuQ==}
    dependencies:
      '@algolia/cache-common': 4.14.2
    dev: true

  /@algolia/client-account/4.14.2:
    resolution: {integrity: sha512-WHtriQqGyibbb/Rx71YY43T0cXqyelEU0lB2QMBRXvD2X0iyeGl4qMxocgEIcbHyK7uqE7hKgjT8aBrHqhgc1w==}
    dependencies:
      '@algolia/client-common': 4.14.2
      '@algolia/client-search': 4.14.2
      '@algolia/transporter': 4.14.2
    dev: true

  /@algolia/client-analytics/4.14.2:
    resolution: {integrity: sha512-yBvBv2mw+HX5a+aeR0dkvUbFZsiC4FKSnfqk9rrfX+QrlNOKEhCG0tJzjiOggRW4EcNqRmaTULIYvIzQVL2KYQ==}
    dependencies:
      '@algolia/client-common': 4.14.2
      '@algolia/client-search': 4.14.2
      '@algolia/requester-common': 4.14.2
      '@algolia/transporter': 4.14.2
    dev: true

  /@algolia/client-common/4.14.2:
    resolution: {integrity: sha512-43o4fslNLcktgtDMVaT5XwlzsDPzlqvqesRi4MjQz2x4/Sxm7zYg5LRYFol1BIhG6EwxKvSUq8HcC/KxJu3J0Q==}
    dependencies:
      '@algolia/requester-common': 4.14.2
      '@algolia/transporter': 4.14.2
    dev: true

  /@algolia/client-personalization/4.14.2:
    resolution: {integrity: sha512-ACCoLi0cL8CBZ1W/2juehSltrw2iqsQBnfiu/Rbl9W2yE6o2ZUb97+sqN/jBqYNQBS+o0ekTMKNkQjHHAcEXNw==}
    dependencies:
      '@algolia/client-common': 4.14.2
      '@algolia/requester-common': 4.14.2
      '@algolia/transporter': 4.14.2
    dev: true

  /@algolia/client-search/4.14.2:
    resolution: {integrity: sha512-L5zScdOmcZ6NGiVbLKTvP02UbxZ0njd5Vq9nJAmPFtjffUSOGEp11BmD2oMJ5QvARgx2XbX4KzTTNS5ECYIMWw==}
    dependencies:
      '@algolia/client-common': 4.14.2
      '@algolia/requester-common': 4.14.2
      '@algolia/transporter': 4.14.2
    dev: true

  /@algolia/logger-common/4.14.2:
    resolution: {integrity: sha512-/JGlYvdV++IcMHBnVFsqEisTiOeEr6cUJtpjz8zc0A9c31JrtLm318Njc72p14Pnkw3A/5lHHh+QxpJ6WFTmsA==}
    dev: true

  /@algolia/logger-console/4.14.2:
    resolution: {integrity: sha512-8S2PlpdshbkwlLCSAB5f8c91xyc84VM9Ar9EdfE9UmX+NrKNYnWR1maXXVDQQoto07G1Ol/tYFnFVhUZq0xV/g==}
    dependencies:
      '@algolia/logger-common': 4.14.2
    dev: true

  /@algolia/requester-browser-xhr/4.14.2:
    resolution: {integrity: sha512-CEh//xYz/WfxHFh7pcMjQNWgpl4wFB85lUMRyVwaDPibNzQRVcV33YS+63fShFWc2+42YEipFGH2iPzlpszmDw==}
    dependencies:
      '@algolia/requester-common': 4.14.2
    dev: true

  /@algolia/requester-common/4.14.2:
    resolution: {integrity: sha512-73YQsBOKa5fvVV3My7iZHu1sUqmjjfs9TteFWwPwDmnad7T0VTCopttcsM3OjLxZFtBnX61Xxl2T2gmG2O4ehg==}
    dev: true

  /@algolia/requester-node-http/4.14.2:
    resolution: {integrity: sha512-oDbb02kd1o5GTEld4pETlPZLY0e+gOSWjWMJHWTgDXbv9rm/o2cF7japO6Vj1ENnrqWvLBmW1OzV9g6FUFhFXg==}
    dependencies:
      '@algolia/requester-common': 4.14.2
    dev: true

  /@algolia/transporter/4.14.2:
    resolution: {integrity: sha512-t89dfQb2T9MFQHidjHcfhh6iGMNwvuKUvojAj+JsrHAGbuSy7yE4BylhLX6R0Q1xYRoC4Vvv+O5qIw/LdnQfsQ==}
    dependencies:
      '@algolia/cache-common': 4.14.2
      '@algolia/logger-common': 4.14.2
      '@algolia/requester-common': 4.14.2
    dev: true

  /@ant-design/colors/4.0.5:
    resolution: {integrity: sha512-3mnuX2prnWOWvpFTS2WH2LoouWlOgtnIpc6IarWN6GOzzLF8dW/U8UctuvIPhoboETehZfJ61XP+CGakBEPJ3Q==}
    dependencies:
      tinycolor2: 1.4.2
    dev: true

  /@antv/algorithm/0.1.25:
    resolution: {integrity: sha512-TGwPyFoAu4+iEJd0y1l0gHdBXCbUj8a4gR7P3GzZRfEfRnWfk+gswApzOSTd7c6HP402JOEF64PAJQKxQgSPSQ==}
    dependencies:
      '@antv/util': 2.0.17
      tslib: 2.4.1
    dev: true

  /@antv/dom-util/2.0.4:
    resolution: {integrity: sha512-2shXUl504fKwt82T3GkuT4Uoc6p9qjCKnJ8gXGLSW4T1W37dqf9AV28aCfoVPHp2BUXpSsB+PAJX2rG/jLHsLQ==}
    dependencies:
      tslib: 2.4.1
    dev: true

  /@antv/event-emitter/0.1.3:
    resolution: {integrity: sha512-4ddpsiHN9Pd4UIlWuKVK1C4IiZIdbwQvy9i7DUSI3xNJ89FPUFt8lxDYj8GzzfdllV0NkJTRxnG+FvLk0llidg==}
    dev: true

  /@antv/g-base/0.5.11:
    resolution: {integrity: sha512-10Hkq7XksVCqxZZrPkd6HTU9tb/+2meCVEMy/edhS4I/sokhcgC9m3fQP5bE8rA3EVKwELE7MJHZ98BEpVFqvQ==}
    dependencies:
      '@antv/event-emitter': 0.1.3
      '@antv/g-math': 0.1.7
      '@antv/matrix-util': 3.1.0-beta.3
      '@antv/path-util': 2.0.15
      '@antv/util': 2.0.17
      '@types/d3-timer': 2.0.1
      d3-ease: 1.0.7
      d3-interpolate: 1.4.0
      d3-timer: 1.0.10
      detect-browser: 5.3.0
      tslib: 2.4.1
    dev: true

  /@antv/g-canvas/0.5.12:
    resolution: {integrity: sha512-iJ/muwwqCCNONVlPIzv/7OL5iLguaKRj2BxNMytUO3TWwamM+kHkiyYEOkS0dPn9h/hBsHYlLUluSVz2Fp6/bw==}
    dependencies:
      '@antv/g-base': 0.5.11
      '@antv/g-math': 0.1.7
      '@antv/matrix-util': 3.1.0-beta.3
      '@antv/path-util': 2.0.15
      '@antv/util': 2.0.17
      gl-matrix: 3.4.3
      tslib: 2.4.1
    dev: true

  /@antv/g-math/0.1.7:
    resolution: {integrity: sha512-xGyXaloD1ynfp7gS4VuV+MjSptZIwHvLHr8ekXJSFAeWPYLu84yOW2wOZHDdp1bzDAIuRv6xDBW58YGHrWsFcA==}
    dependencies:
      '@antv/util': 2.0.17
      gl-matrix: 3.4.3
    dev: true

  /@antv/g-svg/0.5.6:
    resolution: {integrity: sha512-Xve1EUGk4HMbl2nq4ozR4QLh6GyoZ8Xw/+9kHYI4B5P2lIUQU95MuRsaLFfW5NNpZDx85ZeH97tqEmC9L96E7A==}
    dependencies:
      '@antv/g-base': 0.5.11
      '@antv/g-math': 0.1.7
      '@antv/util': 2.0.17
      detect-browser: 5.3.0
      tslib: 2.4.1
    dev: true

  /@antv/g-webgpu-core/0.7.2:
    resolution: {integrity: sha512-xUMmop7f3Rs34zFYKXLqHhDR1CQTeDl/7vI7Sn3X/73BqJc3X3HIIRvm83Fg2CjVACaOzw4WeLRXNaOCp9fz9w==}
    dependencies:
      eventemitter3: 4.0.7
      gl-matrix: 3.4.3
      lodash: 4.17.21
      probe.gl: 3.5.2
    dev: true

  /@antv/g-webgpu-engine/0.7.2:
    resolution: {integrity: sha512-lx8Y93IW2cnJvdoDRKyMmTdYqSC1pOmF0nyG3PGGyA0NI9vBYVgO0KTF6hkyWjdTWVq7XDZyf/h8CJridLh3lg==}
    dependencies:
      '@antv/g-webgpu-core': 0.7.2
      gl-matrix: 3.4.3
      lodash: 4.17.21
      regl: 1.7.0
    dev: true

  /@antv/g-webgpu/0.7.2:
    resolution: {integrity: sha512-kw+oYGsdvj5qeUfy5DPb/jztZBV+2fmqBd3Vv8NlKatfBmv8AirYX/CCW74AUSdWm99rEiLyxFB1VdRZ6b/wnQ==}
    dependencies:
      '@antv/g-webgpu-core': 0.7.2
      '@antv/g-webgpu-engine': 0.7.2
      gl-matrix: 3.4.3
      gl-vec2: 1.3.0
      lodash: 4.17.21
    dev: true

  /@antv/g6-core/0.7.16:
    resolution: {integrity: sha512-H4SciZdiT/RZDxvS/M075rodTq9W2nGmyhCZjE9dJc7YIz5jtGSAXJ5lZoDeTlrRg5y4atr7DWLxnAHoAFblfA==}
    dependencies:
      '@antv/algorithm': 0.1.25
      '@antv/dom-util': 2.0.4
      '@antv/event-emitter': 0.1.3
      '@antv/g-base': 0.5.11
      '@antv/g-math': 0.1.7
      '@antv/matrix-util': 3.1.0-beta.3
      '@antv/path-util': 2.0.15
      '@antv/util': 2.0.17
      ml-matrix: 6.10.4
      tslib: 2.4.1
    dev: true

  /@antv/g6-element/0.7.16:
    resolution: {integrity: sha512-I15daD73CijntB35nRU/E5kyvl9RmnXoYqxKHE0ARBqVKEKgHf401i+w1yphCZEZv+SC+lRGbx9mhYOv6hpbUA==}
    dependencies:
      '@antv/g-base': 0.5.11
      '@antv/g6-core': 0.7.16
      '@antv/util': 2.0.17
    dev: true

  /@antv/g6-pc/0.7.16:
    resolution: {integrity: sha512-uVXEQaakUcE7jqyHhAuLgwM9+ygRqfkAWWIJxr2LAOBVyF5V8XSduz5lWNZas/Kr4QOBanZT4wLMeqks15HqeQ==}
    dependencies:
      '@ant-design/colors': 4.0.5
      '@antv/algorithm': 0.1.25
      '@antv/dom-util': 2.0.4
      '@antv/event-emitter': 0.1.3
      '@antv/g-base': 0.5.11
      '@antv/g-canvas': 0.5.12
      '@antv/g-math': 0.1.7
      '@antv/g-svg': 0.5.6
      '@antv/g6-core': 0.7.16
      '@antv/g6-element': 0.7.16
      '@antv/g6-plugin': 0.7.16
      '@antv/hierarchy': 0.6.8
      '@antv/layout': 0.3.10_dagre@0.8.5
      '@antv/matrix-util': 3.1.0-beta.3
      '@antv/path-util': 2.0.15
      '@antv/util': 2.0.17
      color: 3.2.1
      d3-force: 2.1.1
      dagre: 0.8.5
      insert-css: 2.0.0
      ml-matrix: 6.10.4
    dev: true

  /@antv/g6-plugin/0.7.16:
    resolution: {integrity: sha512-jpl8jIkT/rm09SuOsMI/ONw1lEFrINpQhUOhNtXFvavgc/oi/e5WguefJeXphtjOAAwaT7jMd2h+R/ZLQ2dDLQ==}
    dependencies:
      '@antv/dom-util': 2.0.4
      '@antv/g-base': 0.5.11
      '@antv/g-canvas': 0.5.12
      '@antv/g-svg': 0.5.6
      '@antv/g6-core': 0.7.16
      '@antv/g6-element': 0.7.16
      '@antv/matrix-util': 3.1.0-beta.3
      '@antv/path-util': 2.0.15
      '@antv/scale': 0.3.18
      '@antv/util': 2.0.17
      insert-css: 2.0.0
    dev: true

  /@antv/g6/4.7.16:
    resolution: {integrity: sha512-mUFeJ02nGtGhwcpWz8qikmjEuS1qf5YoaJf0mUIejXXiF6B3D/skrElfWdf57RcWlIkqlm1bmW9NLDZDRmizTQ==}
    dependencies:
      '@antv/g6-pc': 0.7.16
    dev: true

  /@antv/graphlib/1.2.0:
    resolution: {integrity: sha512-hhJOMThec51nU4Fe5p/viLlNIL71uDEgYFzKPajWjr2715SFG1HAgiP6AVylIeqBcAZ04u3Lw7usjl/TuI5RuQ==}
    dev: true

  /@antv/hierarchy/0.6.8:
    resolution: {integrity: sha512-wVzUl+pxny5gyGJ2mkWx8IiEypX6bnMHgr/NILgbxY6shoy0Vf4FhZpI3CY8Ez7bQT6js8fMkB2NymPW7d7i8A==}
    dependencies:
      '@antv/util': 2.0.17
    dev: true

  /@antv/layout/0.3.10_dagre@0.8.5:
    resolution: {integrity: sha512-7GxSTQLtxXj2A7qUe1eLUfEAt4WtXVLuvRwk7yb22m6g90AE6N3I7GyladLw0xjv4Wkf6noDM3Htm8p3Yj4UKQ==}
    dependencies:
      '@antv/g-webgpu': 0.7.2
      '@antv/graphlib': 1.2.0
      d3-force: 2.1.1
      d3-quadtree: 2.0.0
      dagre-compound: 0.0.11_dagre@0.8.5
      ml-matrix: 6.10.4
    transitivePeerDependencies:
      - dagre
    dev: true

  /@antv/matrix-util/3.0.4:
    resolution: {integrity: sha512-BAPyu6dUliHcQ7fm9hZSGKqkwcjEDVLVAstlHULLvcMZvANHeLXgHEgV7JqcAV/GIhIz8aZChIlzM1ZboiXpYQ==}
    dependencies:
      '@antv/util': 2.0.17
      gl-matrix: 3.4.3
      tslib: 2.4.1
    dev: true

  /@antv/matrix-util/3.1.0-beta.3:
    resolution: {integrity: sha512-W2R6Za3A6CmG51Y/4jZUM/tFgYSq7vTqJL1VD9dKrvwxS4sE0ZcXINtkp55CdyBwJ6Cwm8pfoRpnD4FnHahN0A==}
    dependencies:
      '@antv/util': 2.0.17
      gl-matrix: 3.4.3
      tslib: 2.4.1
    dev: true

  /@antv/path-util/2.0.15:
    resolution: {integrity: sha512-R2VLZ5C8PLPtr3VciNyxtjKqJ0XlANzpFb5sE9GE61UQqSRuSVSzIakMxjEPrpqbgc+s+y8i+fmc89Snu7qbNw==}
    dependencies:
      '@antv/matrix-util': 3.0.4
      '@antv/util': 2.0.17
      tslib: 2.4.1
    dev: true

  /@antv/scale/0.3.18:
    resolution: {integrity: sha512-GHwE6Lo7S/Q5fgaLPaCsW+CH+3zl4aXpnN1skOiEY0Ue9/u+s2EySv6aDXYkAqs//i0uilMDD/0/4n8caX9U9w==}
    dependencies:
      '@antv/util': 2.0.17
      fecha: 4.2.3
      tslib: 2.4.1
    dev: true

  /@antv/util/2.0.17:
    resolution: {integrity: sha512-o6I9hi5CIUvLGDhth0RxNSFDRwXeywmt6ExR4+RmVAzIi48ps6HUy+svxOCayvrPBN37uE6TAc2KDofRo0nK9Q==}
    dependencies:
      csstype: 3.1.1
      tslib: 2.4.1
    dev: true

  /@babel/helper-string-parser/7.19.4:
    resolution: {integrity: sha512-nHtDoQcuqFmwYNYPz3Rah5ph2p8PFeFCsZk9A/48dPc/rGocJ5J3hAAZ7pb76VWX3fZKu+uEr/FhH5jLx7umrw==}
    engines: {node: '>=6.9.0'}
    dev: true

  /@babel/helper-validator-identifier/7.19.1:
    resolution: {integrity: sha512-awrNfaMtnHUr653GgGEs++LlAvW6w+DcPrOliSMXWCKo597CwL5Acf/wWdNkf/tfEQE3mjkeD1YOVZOUV/od1w==}
    engines: {node: '>=6.9.0'}
    dev: true

  /@babel/parser/7.20.5:
    resolution: {integrity: sha512-r27t/cy/m9uKLXQNWWebeCUHgnAZq0CpG1OwKRxzJMP1vpSU4bSIK2hq+/cp0bQxetkXx38n09rNu8jVkcK/zA==}
    engines: {node: '>=6.0.0'}
    hasBin: true
    dependencies:
      '@babel/types': 7.20.5
    dev: true

  /@babel/runtime/7.20.6:
    resolution: {integrity: sha512-Q+8MqP7TiHMWzSfwiJwXCjyf4GYA4Dgw3emg/7xmwsdLJOZUp+nMqcOwOzzYheuM1rhDu8FSj2l0aoMygEuXuA==}
    engines: {node: '>=6.9.0'}
    dependencies:
      regenerator-runtime: 0.13.11
    dev: true

  /@babel/types/7.20.5:
    resolution: {integrity: sha512-c9fst/h2/dcF7H+MJKZ2T0KjEQ8hY/BNnDk/H3XY8C4Aw/eWQXWn/lWntHF9ooUBnGmEvbfGrTgLWc+um0YDUg==}
    engines: {node: '>=6.9.0'}
    dependencies:
      '@babel/helper-string-parser': 7.19.4
      '@babel/helper-validator-identifier': 7.19.1
      to-fast-properties: 2.0.0
    dev: true

  /@docsearch/css/3.3.0:
    resolution: {integrity: sha512-rODCdDtGyudLj+Va8b6w6Y85KE85bXRsps/R4Yjwt5vueXKXZQKYw0aA9knxLBT6a/bI/GMrAcmCR75KYOM6hg==}
    dev: true

  /@docsearch/js/3.3.0:
    resolution: {integrity: sha512-oFXWRPNvPxAzBhnFJ9UCFIYZiQNc3Yrv6912nZHw/UIGxsyzKpNRZgHq8HDk1niYmOSoLKtVFcxkccpQmYGFyg==}
    dependencies:
      '@docsearch/react': 3.3.0
      preact: 10.11.3
    transitivePeerDependencies:
      - '@algolia/client-search'
      - '@types/react'
      - react
      - react-dom
    dev: true

  /@docsearch/react/3.3.0:
    resolution: {integrity: sha512-fhS5adZkae2SSdMYEMVg6pxI5a/cE+tW16ki1V0/ur4Fdok3hBRkmN/H8VvlXnxzggkQIIRIVvYPn00JPjen3A==}
    peerDependencies:
      '@types/react': '>= 16.8.0 < 19.0.0'
      react: '>= 16.8.0 < 19.0.0'
      react-dom: '>= 16.8.0 < 19.0.0'
    peerDependenciesMeta:
      '@types/react':
        optional: true
      react:
        optional: true
      react-dom:
        optional: true
    dependencies:
      '@algolia/autocomplete-core': 1.7.2
      '@algolia/autocomplete-preset-algolia': 1.7.2_algoliasearch@4.14.2
      '@docsearch/css': 3.3.0
      algoliasearch: 4.14.2
    transitivePeerDependencies:
      - '@algolia/client-search'
    dev: true

  /@esbuild/android-arm/0.15.17:
    resolution: {integrity: sha512-ay6Ken4u+JStjYmqIgh71jMT0bs/rXpCCDKaMfl78B20QYWJglT5P6Ejfm4hWf6Zi+uUWNe7ZmqakRs2BQYIeg==}
    engines: {node: '>=12'}
    cpu: [arm]
    os: [android]
    requiresBuild: true
    dev: true
    optional: true

  /@esbuild/linux-loong64/0.15.17:
    resolution: {integrity: sha512-IA1O7f7qxw2DX8oqTpugHElr926phs7Rq8ULXleBMk4go5K05BU0mI8BfCkWcYAvcmVaMc13bv5W3LIUlU6Y9w==}
    engines: {node: '>=12'}
    cpu: [loong64]
    os: [linux]
    requiresBuild: true
    dev: true
    optional: true

  /@probe.gl/env/3.5.2:
    resolution: {integrity: sha512-JlNvJ2p6+ObWX7es6n3TycGPTv5CfVrCS8vblI1eHhrFCcZ6RxIo727ffRVwldpp0YTzdgjx3/4fB/1dnVYElw==}
    dependencies:
      '@babel/runtime': 7.20.6
    dev: true

  /@probe.gl/log/3.5.2:
    resolution: {integrity: sha512-5yo8Dg8LrSltuPBdGlLh/WOvt4LdU7DDHu75GMeiS0fKM+J4IACRpGV8SOrktCj1MWZ6JVHcNQkJnoyZ6G7p/w==}
    dependencies:
      '@babel/runtime': 7.20.6
      '@probe.gl/env': 3.5.2
    dev: true

  /@probe.gl/stats/3.5.2:
    resolution: {integrity: sha512-YKaYXiHF//fgy1OkX38JD70Lc8qxg2Viw8Q2CTNMwGPDJe12wda7kEmMKPJNw2oYLyFUfTzv00KJMA5h18z02w==}
    dependencies:
      '@babel/runtime': 7.20.6
    dev: true

  /@types/d3-timer/2.0.1:
    resolution: {integrity: sha512-TF8aoF5cHcLO7W7403blM7L1T+6NF3XMyN3fxyUolq2uOcFeicG/khQg/dGxiCJWoAcmYulYN7LYSRKO54IXaA==}
    dev: true

  /@types/node/18.11.10:
    resolution: {integrity: sha512-juG3RWMBOqcOuXC643OAdSA525V44cVgGV6dUDuiFtss+8Fk5x1hI93Rsld43VeJVIeqlP9I7Fn9/qaVqoEAuQ==}
    dev: true

  /@types/web-bluetooth/0.0.16:
    resolution: {integrity: sha512-oh8q2Zc32S6gd/j50GowEjKLoOVOwHP/bWVjKJInBwQqdOYMdPrf1oVlelTlyfFK3CKxL1uahMDAr+vy8T7yMQ==}
    dev: true

  /@vitejs/plugin-vue/3.2.0_vite@3.2.4+vue@3.2.45:
    resolution: {integrity: sha512-E0tnaL4fr+qkdCNxJ+Xd0yM31UwMkQje76fsDVBBUCoGOUPexu2VDUYHL8P4CwV+zMvWw6nlRw19OnRKmYAJpw==}
    engines: {node: ^14.18.0 || >=16.0.0}
    peerDependencies:
      vite: ^3.0.0
      vue: ^3.2.25
    dependencies:
      vite: 3.2.4_@types+node@18.11.10
      vue: 3.2.45
    dev: true

  /@vue/compiler-core/3.2.45:
    resolution: {integrity: sha512-rcMj7H+PYe5wBV3iYeUgbCglC+pbpN8hBLTJvRiK2eKQiWqu+fG9F+8sW99JdL4LQi7Re178UOxn09puSXvn4A==}
    dependencies:
      '@babel/parser': 7.20.5
      '@vue/shared': 3.2.45
      estree-walker: 2.0.2
      source-map: 0.6.1
    dev: true

  /@vue/compiler-dom/3.2.45:
    resolution: {integrity: sha512-tyYeUEuKqqZO137WrZkpwfPCdiiIeXYCcJ8L4gWz9vqaxzIQRccTSwSWZ/Axx5YR2z+LvpUbmPNXxuBU45lyRw==}
    dependencies:
      '@vue/compiler-core': 3.2.45
      '@vue/shared': 3.2.45
    dev: true

  /@vue/compiler-sfc/3.2.45:
    resolution: {integrity: sha512-1jXDuWah1ggsnSAOGsec8cFjT/K6TMZ0sPL3o3d84Ft2AYZi2jWJgRMjw4iaK0rBfA89L5gw427H4n1RZQBu6Q==}
    dependencies:
      '@babel/parser': 7.20.5
      '@vue/compiler-core': 3.2.45
      '@vue/compiler-dom': 3.2.45
      '@vue/compiler-ssr': 3.2.45
      '@vue/reactivity-transform': 3.2.45
      '@vue/shared': 3.2.45
      estree-walker: 2.0.2
      magic-string: 0.25.9
      postcss: 8.4.19
      source-map: 0.6.1
    dev: true

  /@vue/compiler-ssr/3.2.45:
    resolution: {integrity: sha512-6BRaggEGqhWht3lt24CrIbQSRD5O07MTmd+LjAn5fJj568+R9eUD2F7wMQJjX859seSlrYog7sUtrZSd7feqrQ==}
    dependencies:
      '@vue/compiler-dom': 3.2.45
      '@vue/shared': 3.2.45
    dev: true

  /@vue/devtools-api/6.4.5:
    resolution: {integrity: sha512-JD5fcdIuFxU4fQyXUu3w2KpAJHzTVdN+p4iOX2lMWSHMOoQdMAcpFLZzm9Z/2nmsoZ1a96QEhZ26e50xLBsgOQ==}
    dev: true

  /@vue/reactivity-transform/3.2.45:
    resolution: {integrity: sha512-BHVmzYAvM7vcU5WmuYqXpwaBHjsS8T63jlKGWVtHxAHIoMIlmaMyurUSEs1Zcg46M4AYT5MtB1U274/2aNzjJQ==}
    dependencies:
      '@babel/parser': 7.20.5
      '@vue/compiler-core': 3.2.45
      '@vue/shared': 3.2.45
      estree-walker: 2.0.2
      magic-string: 0.25.9
    dev: true

  /@vue/reactivity/3.2.45:
    resolution: {integrity: sha512-PRvhCcQcyEVohW0P8iQ7HDcIOXRjZfAsOds3N99X/Dzewy8TVhTCT4uXpAHfoKjVTJRA0O0K+6QNkDIZAxNi3A==}
    dependencies:
      '@vue/shared': 3.2.45
    dev: true

  /@vue/runtime-core/3.2.45:
    resolution: {integrity: sha512-gzJiTA3f74cgARptqzYswmoQx0fIA+gGYBfokYVhF8YSXjWTUA2SngRzZRku2HbGbjzB6LBYSbKGIaK8IW+s0A==}
    dependencies:
      '@vue/reactivity': 3.2.45
      '@vue/shared': 3.2.45
    dev: true

  /@vue/runtime-dom/3.2.45:
    resolution: {integrity: sha512-cy88YpfP5Ue2bDBbj75Cb4bIEZUMM/mAkDMfqDTpUYVgTf/kuQ2VQ8LebuZ8k6EudgH8pYhsGWHlY0lcxlvTwA==}
    dependencies:
      '@vue/runtime-core': 3.2.45
      '@vue/shared': 3.2.45
      csstype: 2.6.21
    dev: true

  /@vue/server-renderer/3.2.45_vue@3.2.45:
    resolution: {integrity: sha512-ebiMq7q24WBU1D6uhPK//2OTR1iRIyxjF5iVq/1a5I1SDMDyDu4Ts6fJaMnjrvD3MqnaiFkKQj+LKAgz5WIK3g==}
    peerDependencies:
      vue: 3.2.45
    dependencies:
      '@vue/compiler-ssr': 3.2.45
      '@vue/shared': 3.2.45
      vue: 3.2.45
    dev: true

  /@vue/shared/3.2.45:
    resolution: {integrity: sha512-Ewzq5Yhimg7pSztDV+RH1UDKBzmtqieXQlpTVm2AwraoRL/Rks96mvd8Vgi7Lj+h+TH8dv7mXD3FRZR3TUvbSg==}
    dev: true

  /@vueuse/core/9.6.0_vue@3.2.45:
    resolution: {integrity: sha512-qGUcjKQXHgN+jqXEgpeZGoxdCbIDCdVPz3QiF1uyecVGbMuM63o96I1GjYx5zskKgRI0FKSNsVWM7rwrRMTf6A==}
    dependencies:
      '@types/web-bluetooth': 0.0.16
      '@vueuse/metadata': 9.6.0
      '@vueuse/shared': 9.6.0_vue@3.2.45
      vue-demi: 0.13.11_vue@3.2.45
    transitivePeerDependencies:
      - '@vue/composition-api'
      - vue
    dev: true

  /@vueuse/metadata/9.6.0:
    resolution: {integrity: sha512-sIC8R+kWkIdpi5X2z2Gk8TRYzmczDwHRhEFfCu2P+XW2JdPoXrziqsGpDDsN7ykBx4ilwieS7JUIweVGhvZ93w==}
    dev: true

  /@vueuse/shared/9.6.0_vue@3.2.45:
    resolution: {integrity: sha512-/eDchxYYhkHnFyrb00t90UfjCx94kRHxc7J1GtBCqCG4HyPMX+krV9XJgVtWIsAMaxKVU4fC8NSUviG1JkwhUQ==}
    dependencies:
      vue-demi: 0.13.11_vue@3.2.45
    transitivePeerDependencies:
      - '@vue/composition-api'
      - vue
    dev: true

  /algoliasearch/4.14.2:
    resolution: {integrity: sha512-ngbEQonGEmf8dyEh5f+uOIihv4176dgbuOZspiuhmTTBRBuzWu3KCGHre6uHj5YyuC7pNvQGzB6ZNJyZi0z+Sg==}
    dependencies:
      '@algolia/cache-browser-local-storage': 4.14.2
      '@algolia/cache-common': 4.14.2
      '@algolia/cache-in-memory': 4.14.2
      '@algolia/client-account': 4.14.2
      '@algolia/client-analytics': 4.14.2
      '@algolia/client-common': 4.14.2
      '@algolia/client-personalization': 4.14.2
      '@algolia/client-search': 4.14.2
      '@algolia/logger-common': 4.14.2
      '@algolia/logger-console': 4.14.2
      '@algolia/requester-browser-xhr': 4.14.2
      '@algolia/requester-common': 4.14.2
      '@algolia/requester-node-http': 4.14.2
      '@algolia/transporter': 4.14.2
    dev: true

  /body-scroll-lock/4.0.0-beta.0:
    resolution: {integrity: sha512-a7tP5+0Mw3YlUJcGAKUqIBkYYGlYxk2fnCasq/FUph1hadxlTRjF+gAcZksxANnaMnALjxEddmSi/H3OR8ugcQ==}
    dev: true

  /color-convert/1.9.3:
    resolution: {integrity: sha512-QfAUtd+vFdAtFQcC8CCyYt1fYWxSqAiK2cSD6zDB8N3cpsEBAvRxp9zOGg6G/SHHJYAT88/az/IuDGALsNVbGg==}
    dependencies:
      color-name: 1.1.3
    dev: true

  /color-name/1.1.3:
    resolution: {integrity: sha512-72fSenhMw2HZMTVHeCA9KCmpEIbzWiQsjN+BHcBbS9vr1mtt+vJjPdksIBNUmKAW8TFUDPJK5SUU3QhE9NEXDw==}
    dev: true

  /color-name/1.1.4:
    resolution: {integrity: sha512-dOy+3AuW3a2wNbZHIuMZpTcgjGuLU/uBL/ubcZF9OXbDo8ff4O8yVp5Bf0efS8uEoYo5q4Fx7dY9OgQGXgAsQA==}
    dev: true

  /color-string/1.9.1:
    resolution: {integrity: sha512-shrVawQFojnZv6xM40anx4CkoDP+fZsw/ZerEMsW/pyzsRbElpsL/DBVW7q3ExxwusdNXI3lXpuhEZkzs8p5Eg==}
    dependencies:
      color-name: 1.1.4
      simple-swizzle: 0.2.2
    dev: true

  /color/3.2.1:
    resolution: {integrity: sha512-aBl7dZI9ENN6fUGC7mWpMTPNHmWUSNan9tuWN6ahh5ZLNk9baLJOnSMlrQkHcrfFgz2/RigjUVAjdx36VcemKA==}
    dependencies:
      color-convert: 1.9.3
      color-string: 1.9.1
    dev: true

  /csstype/2.6.21:
    resolution: {integrity: sha512-Z1PhmomIfypOpoMjRQB70jfvy/wxT50qW08YXO5lMIJkrdq4yOTR+AW7FqutScmB9NkLwxo+jU+kZLbofZZq/w==}
    dev: true

  /csstype/3.1.1:
    resolution: {integrity: sha512-DJR/VvkAvSZW9bTouZue2sSxDwdTN92uHjqeKVm+0dAqdfNykRzQ95tay8aXMBAAPpUiq4Qcug2L7neoRh2Egw==}
    dev: true

  /d3-color/1.4.1:
    resolution: {integrity: sha512-p2sTHSLCJI2QKunbGb7ocOh7DgTAn8IrLx21QRc/BSnodXM4sv6aLQlnfpvehFMLZEfBc6g9pH9SWQccFYfJ9Q==}
    dev: true

  /d3-dispatch/2.0.0:
    resolution: {integrity: sha512-S/m2VsXI7gAti2pBoLClFFTMOO1HTtT0j99AuXLoGFKO6deHDdnv6ZGTxSTTUTgO1zVcv82fCOtDjYK4EECmWA==}
    dev: true

  /d3-ease/1.0.7:
    resolution: {integrity: sha512-lx14ZPYkhNx0s/2HX5sLFUI3mbasHjSSpwO/KaaNACweVwxUruKyWVcb293wMv1RqTPZyZ8kSZ2NogUZNcLOFQ==}
    dev: true

  /d3-force/2.1.1:
    resolution: {integrity: sha512-nAuHEzBqMvpFVMf9OX75d00OxvOXdxY+xECIXjW6Gv8BRrXu6gAWbv/9XKrvfJ5i5DCokDW7RYE50LRoK092ew==}
    dependencies:
      d3-dispatch: 2.0.0
      d3-quadtree: 2.0.0
      d3-timer: 2.0.0
    dev: true

  /d3-interpolate/1.4.0:
    resolution: {integrity: sha512-V9znK0zc3jOPV4VD2zZn0sDhZU3WAE2bmlxdIwwQPPzPjvyLkd8B3JUVdS1IDUFDkWZ72c9qnv1GK2ZagTZ8EA==}
    dependencies:
      d3-color: 1.4.1
    dev: true

  /d3-quadtree/2.0.0:
    resolution: {integrity: sha512-b0Ed2t1UUalJpc3qXzKi+cPGxeXRr4KU9YSlocN74aTzp6R/Ud43t79yLLqxHRWZfsvWXmbDWPpoENK1K539xw==}
    dev: true

  /d3-timer/1.0.10:
    resolution: {integrity: sha512-B1JDm0XDaQC+uvo4DT79H0XmBskgS3l6Ve+1SBCfxgmtIb1AVrPIoqd+nPSv+loMX8szQ0sVUhGngL7D5QPiXw==}
    dev: true

  /d3-timer/2.0.0:
    resolution: {integrity: sha512-TO4VLh0/420Y/9dO3+f9abDEFYeCUr2WZRlxJvbp4HPTQcSylXNiL6yZa9FIUvV1yRiFufl1bszTCLDqv9PWNA==}
    dev: true

  /dagre-compound/0.0.11_dagre@0.8.5:
    resolution: {integrity: sha512-UrSgRP9LtOZCYb9e5doolZXpc7xayyszgyOs7uakTK4n4KsLegLVTRRtq01GpQd/iZjYw5fWMapx9ed+c80MAQ==}
    engines: {node: '>=6.0.0'}
    peerDependencies:
      dagre: ^0.8.5
    dependencies:
      dagre: 0.8.5
    dev: true

  /dagre/0.8.5:
    resolution: {integrity: sha512-/aTqmnRta7x7MCCpExk7HQL2O4owCT2h8NT//9I1OQ9vt29Pa0BzSAkR5lwFUcQ7491yVi/3CXU9jQ5o0Mn2Sw==}
    dependencies:
      graphlib: 2.1.8
      lodash: 4.17.21
    dev: true

  /detect-browser/5.3.0:
    resolution: {integrity: sha512-53rsFbGdwMwlF7qvCt0ypLM5V5/Mbl0szB7GPN8y9NCcbknYOeVVXdrXEq+90IwAfrrzt6Hd+u2E2ntakICU8w==}
    dev: true

  /esbuild-android-64/0.15.17:
    resolution: {integrity: sha512-sUs6cKMAuAyWnJ/66ezWVr9SMRGFSwoMagxzdhXYggSA12zF7krXSuc1Y9JwxHq56wtv/gFAVo97TFm7RBc1Ig==}
    engines: {node: '>=12'}
    cpu: [x64]
    os: [android]
    requiresBuild: true
    dev: true
    optional: true

  /esbuild-android-arm64/0.15.17:
    resolution: {integrity: sha512-RLZuCgIx1rexwxwsXTEW40ZiZzdBI1MBphwDRFyms/iiJGwLxqCH7v75iSJk5s6AF6oa80KC6r/RmzyaX/uJNg==}
    engines: {node: '>=12'}
    cpu: [arm64]
    os: [android]
    requiresBuild: true
    dev: true
    optional: true

  /esbuild-darwin-64/0.15.17:
    resolution: {integrity: sha512-+6RTCZ0hfAb+RqTNq1uVsBcP441yZOSi6CyV9BIBryGGVg8RM3Bc6L45e5b68jdRloddN92ekS50e4ElI+cHQA==}
    engines: {node: '>=12'}
    cpu: [x64]
    os: [darwin]
    requiresBuild: true
    dev: true
    optional: true

  /esbuild-darwin-arm64/0.15.17:
    resolution: {integrity: sha512-ne4UWUHEKWLgYSE5SLr0/TBcID3k9LPnrzzRXzFLTfD+ygjnW1pMEgdMfmOKIe8jYBUYv8x/YoksriTdQb9r/Q==}
    engines: {node: '>=12'}
    cpu: [arm64]
    os: [darwin]
    requiresBuild: true
    dev: true
    optional: true

  /esbuild-freebsd-64/0.15.17:
    resolution: {integrity: sha512-6my3DrwLOe1zhR8UzVRKeo9AFM9XkApJBcx0IE+qKaEbKKBxYAiDBtd2ZMtRA2agqIwRP0kuHofTiDEzpfA+ZA==}
    engines: {node: '>=12'}
    cpu: [x64]
    os: [freebsd]
    requiresBuild: true
    dev: true
    optional: true

  /esbuild-freebsd-arm64/0.15.17:
    resolution: {integrity: sha512-LQL7+f+bz+xmAu1FcDBB304Wm2CjONUcOeF4f3TqG7wYXMxjjYQZBFv+0OVapNXyYrM2vy9JMDbps+SheuOnHg==}
    engines: {node: '>=12'}
    cpu: [arm64]
    os: [freebsd]
    requiresBuild: true
    dev: true
    optional: true

  /esbuild-linux-32/0.15.17:
    resolution: {integrity: sha512-7E9vZXMZhINQ4/KcxBxioJ2ao5gbXJ6Pa4/LEUd102g3gadSalpg0LrityFgw7ao6qmjcNWwdEYrXaDnOzyyYA==}
    engines: {node: '>=12'}
    cpu: [ia32]
    os: [linux]
    requiresBuild: true
    dev: true
    optional: true

  /esbuild-linux-64/0.15.17:
    resolution: {integrity: sha512-TnedHtFQSUVlc0J0D4ZMMalYaQ0Zbt7HSwGy4sav7BlXVqDVc/rchJ/a9dathK51apzLgRyXQMseLf6bkloaSQ==}
    engines: {node: '>=12'}
    cpu: [x64]
    os: [linux]
    requiresBuild: true
    dev: true
    optional: true

  /esbuild-linux-arm/0.15.17:
    resolution: {integrity: sha512-+ugCmBTTDIlh+UuC7E/GvyJqjGTX2pNOA+g3isG78aYcfgswrHjvstTtIfljaU95AS30qrVNLgI5h/8TsRWTrg==}
    engines: {node: '>=12'}
    cpu: [arm]
    os: [linux]
    requiresBuild: true
    dev: true
    optional: true

  /esbuild-linux-arm64/0.15.17:
    resolution: {integrity: sha512-oupYfh0lTHg+F/2ZoTNrioB+KLd6x0Zlhjz2Oa1jhl8wCGkNvwe25RytR2/SGPYpoNVcvCeoayWQRwwRuWGgfQ==}
    engines: {node: '>=12'}
    cpu: [arm64]
    os: [linux]
    requiresBuild: true
    dev: true
    optional: true

  /esbuild-linux-mips64le/0.15.17:
    resolution: {integrity: sha512-aUVyHwUXJF1hi9jsAT+At+cBxZh2yGICi/e757N6d/zzOD+eVK3PKQj68tAvIflx6/ZpnuCTKol1GpgGYrzERg==}
    engines: {node: '>=12'}
    cpu: [mips64el]
    os: [linux]
    requiresBuild: true
    dev: true
    optional: true

  /esbuild-linux-ppc64le/0.15.17:
    resolution: {integrity: sha512-i7789iFTLfLccHPNADCbaZPx9CuQblsBqv2j4XqIBN1jKIJbpQ8iqCkWoHep4PLqqKLtBLtTWh919GsrFGdeJA==}
    engines: {node: '>=12'}
    cpu: [ppc64]
    os: [linux]
    requiresBuild: true
    dev: true
    optional: true

  /esbuild-linux-riscv64/0.15.17:
    resolution: {integrity: sha512-fEQ/8tnZ2sDniBlPfTXEdg+0OP1olps96HvYdwl8ywJdAlD7AK761EL3lRbRdfMHNOId2N6+CVca43/Fiu/0AQ==}
    engines: {node: '>=12'}
    cpu: [riscv64]
    os: [linux]
    requiresBuild: true
    dev: true
    optional: true

  /esbuild-linux-s390x/0.15.17:
    resolution: {integrity: sha512-ZBQekST4gYgTKHAvUJtR1kFFulHTDlRZSE8T0wRQCmQqydNkC1teWxlR31xS6MZevjZGfa7OMVJD24bBhei/2Q==}
    engines: {node: '>=12'}
    cpu: [s390x]
    os: [linux]
    requiresBuild: true
    dev: true
    optional: true

  /esbuild-netbsd-64/0.15.17:
    resolution: {integrity: sha512-onNBFaZVN9GzGJMm3aZJJv74n/Q8FjW20G9OfSDhHjvamqJ5vbd42hNk6igQX4lgBCHTZvvBlWDJAMy+tbJAAw==}
    engines: {node: '>=12'}
    cpu: [x64]
    os: [netbsd]
    requiresBuild: true
    dev: true
    optional: true

  /esbuild-openbsd-64/0.15.17:
    resolution: {integrity: sha512-QFxHmvjaRrmTCvH/A3EmzqKUSZHRQ7/pbrJeATsb/Q6qckCeL9e7zg/1A3HiZqDXeBUV3yNeBeV1GJBjY6yVyA==}
    engines: {node: '>=12'}
    cpu: [x64]
    os: [openbsd]
    requiresBuild: true
    dev: true
    optional: true

  /esbuild-sunos-64/0.15.17:
    resolution: {integrity: sha512-7dHZA8Kc6U8rBTKojJatXtzHTUKJ3CRYimvOGIQQ1yUDOqGx/zZkCH/HkEi3Zg5SWyDj/57E5e1YJPo4ySSw/w==}
    engines: {node: '>=12'}
    cpu: [x64]
    os: [sunos]
    requiresBuild: true
    dev: true
    optional: true

  /esbuild-windows-32/0.15.17:
    resolution: {integrity: sha512-yDrNrwQ/0k4N3OZItZ6k6YnBUch8+of06YRYc3hFI8VDm7X1rkNZwhttZNAzF6+TtbnK4cIz7H2/EwdSoaGZ3g==}
    engines: {node: '>=12'}
    cpu: [ia32]
    os: [win32]
    requiresBuild: true
    dev: true
    optional: true

  /esbuild-windows-64/0.15.17:
    resolution: {integrity: sha512-jPnXvB4zMMToNPpCBdt+OEQiYFVs9wlQ5G8vMoJkrYJBp1aEt070MRpBFa6pfBFrgXquqgUiNAohMcTdy+JVFg==}
    engines: {node: '>=12'}
    cpu: [x64]
    os: [win32]
    requiresBuild: true
    dev: true
    optional: true

  /esbuild-windows-arm64/0.15.17:
    resolution: {integrity: sha512-I5QeSsz0X66V8rxVhmw03Wzn8Tz63H3L9GrsA7C5wvBXMk3qahLWuEL+l7SZ2DleKkFeZZMu1dPxOak9f1TZ4A==}
    engines: {node: '>=12'}
    cpu: [arm64]
    os: [win32]
    requiresBuild: true
    dev: true
    optional: true

  /esbuild/0.15.17:
    resolution: {integrity: sha512-8MbkDX+kh0kaeYGd6klMbn1uTOXHoDw7UYMd1dQYA5cqBZivf5+pzfaXZSL1RNamJfXW/uWC5+9wX5ejDgpSqg==}
    engines: {node: '>=12'}
    hasBin: true
    requiresBuild: true
    optionalDependencies:
      '@esbuild/android-arm': 0.15.17
      '@esbuild/linux-loong64': 0.15.17
      esbuild-android-64: 0.15.17
      esbuild-android-arm64: 0.15.17
      esbuild-darwin-64: 0.15.17
      esbuild-darwin-arm64: 0.15.17
      esbuild-freebsd-64: 0.15.17
      esbuild-freebsd-arm64: 0.15.17
      esbuild-linux-32: 0.15.17
      esbuild-linux-64: 0.15.17
      esbuild-linux-arm: 0.15.17
      esbuild-linux-arm64: 0.15.17
      esbuild-linux-mips64le: 0.15.17
      esbuild-linux-ppc64le: 0.15.17
      esbuild-linux-riscv64: 0.15.17
      esbuild-linux-s390x: 0.15.17
      esbuild-netbsd-64: 0.15.17
      esbuild-openbsd-64: 0.15.17
      esbuild-sunos-64: 0.15.17
      esbuild-windows-32: 0.15.17
      esbuild-windows-64: 0.15.17
      esbuild-windows-arm64: 0.15.17
    dev: true

  /estree-walker/2.0.2:
    resolution: {integrity: sha512-Rfkk/Mp/DL7JVje3u18FxFujQlTNR2q6QfMSMB7AvCBx91NGj/ba3kCfza0f6dVDbw7YlRf/nDrn7pQrCCyQ/w==}
    dev: true

  /eventemitter3/4.0.7:
    resolution: {integrity: sha512-8guHBZCwKnFhYdHr2ysuRWErTwhoN2X8XELRlrRwpmfeY2jjuUN4taQMsULKUVo1K4DvZl+0pgfyoysHxvmvEw==}
    dev: true

  /fecha/4.2.3:
    resolution: {integrity: sha512-OP2IUU6HeYKJi3i0z4A19kHMQoLVs4Hc+DPqqxI2h/DPZHTm/vjsfC6P0b4jCMy14XizLBqvndQ+UilD7707Jw==}
    dev: true

  /fsevents/2.3.2:
    resolution: {integrity: sha512-xiqMQR4xAeHTuB9uWm+fFRcIOgKBMiOBP+eXiyT7jsgVCq1bkVygt00oASowB7EdtpOHaaPgKt812P9ab+DDKA==}
    engines: {node: ^8.16.0 || ^10.6.0 || >=11.0.0}
    os: [darwin]
    requiresBuild: true
    dev: true
    optional: true

  /function-bind/1.1.1:
    resolution: {integrity: sha512-yIovAzMX49sF8Yl58fSCWJ5svSLuaibPxXQJFLmBObTuCr0Mf1KiPopGM9NiFjiYBCbfaa2Fh6breQ6ANVTI0A==}
    dev: true

  /gl-matrix/3.4.3:
    resolution: {integrity: sha512-wcCp8vu8FT22BnvKVPjXa/ICBWRq/zjFfdofZy1WSpQZpphblv12/bOQLBC1rMM7SGOFS9ltVmKOHil5+Ml7gA==}
    dev: true

  /gl-vec2/1.3.0:
    resolution: {integrity: sha512-YiqaAuNsheWmUV0Sa8k94kBB0D6RWjwZztyO+trEYS8KzJ6OQB/4686gdrf59wld4hHFIvaxynO3nRxpk1Ij/A==}
    dev: true

  /graphlib/2.1.8:
    resolution: {integrity: sha512-jcLLfkpoVGmH7/InMC/1hIvOPSUh38oJtGhvrOFGzioE1DZ+0YW16RgmOJhHiuWTvGiJQ9Z1Ik43JvkRPRvE+A==}
    dependencies:
      lodash: 4.17.21
    dev: true

  /has/1.0.3:
    resolution: {integrity: sha512-f2dvO0VU6Oej7RkWJGrehjbzMAjFp5/VKPp5tTpWIV4JHHZK1/BxbFRtf/siA2SWTe09caDmVtYYzWEIbBS4zw==}
    engines: {node: '>= 0.4.0'}
    dependencies:
      function-bind: 1.1.1
    dev: true

  /insert-css/2.0.0:
    resolution: {integrity: sha512-xGq5ISgcUP5cvGkS2MMFLtPDBtrtQPSFfC6gA6U8wHKqfjTIMZLZNxOItQnoSjdOzlXOLU/yD32RKC4SvjNbtA==}
    dev: true

  /is-any-array/2.0.0:
    resolution: {integrity: sha512-WdPV58rT3aOWXvvyuBydnCq4S2BM1Yz8shKxlEpk/6x+GX202XRvXOycEFtNgnHVLoc46hpexPFx8Pz1/sMS0w==}
    dev: true

  /is-arrayish/0.3.2:
    resolution: {integrity: sha512-eVRqCvVlZbuw3GrM63ovNSNAeA1K16kaR/LRY/92w0zxQ5/1YzwblUX652i4Xs9RwAGjW9d9y6X88t8OaAJfWQ==}
    dev: true

  /is-core-module/2.11.0:
    resolution: {integrity: sha512-RRjxlvLDkD1YJwDbroBHMb+cukurkDWNyHx7D3oNB5x9rb5ogcksMC5wHCadcXoo67gVr/+3GFySh3134zi6rw==}
    dependencies:
      has: 1.0.3
    dev: true

  /jsonc-parser/3.2.0:
    resolution: {integrity: sha512-gfFQZrcTc8CnKXp6Y4/CBT3fTc0OVuDofpre4aEeEpSBPV5X5v4+Vmx+8snU7RLPrNHPKSgLxGo9YuQzz20o+w==}
    dev: true

  /lodash/4.17.21:
    resolution: {integrity: sha512-v2kDEe57lecTulaDIuNTPy3Ry4gLGJ6Z1O3vE1krgXZNrsQ+LFTGHVxVjcXPs17LhbZVGedAJv8XZ1tvj5FvSg==}
    dev: true

  /magic-string/0.25.9:
    resolution: {integrity: sha512-RmF0AsMzgt25qzqqLc1+MbHmhdx0ojF2Fvs4XnOqz2ZOBXzzkEwc/dJQZCYHAn7v1jbVOjAZfK8msRn4BxO4VQ==}
    dependencies:
      sourcemap-codec: 1.4.8
    dev: true

  /ml-array-max/1.2.4:
    resolution: {integrity: sha512-BlEeg80jI0tW6WaPyGxf5Sa4sqvcyY6lbSn5Vcv44lp1I2GR6AWojfUvLnGTNsIXrZ8uqWmo8VcG1WpkI2ONMQ==}
    dependencies:
      is-any-array: 2.0.0
    dev: true

  /ml-array-min/1.2.3:
    resolution: {integrity: sha512-VcZ5f3VZ1iihtrGvgfh/q0XlMobG6GQ8FsNyQXD3T+IlstDv85g8kfV0xUG1QPRO/t21aukaJowDzMTc7j5V6Q==}
    dependencies:
      is-any-array: 2.0.0
    dev: true

  /ml-array-rescale/1.3.7:
    resolution: {integrity: sha512-48NGChTouvEo9KBctDfHC3udWnQKNKEWN0ziELvY3KG25GR5cA8K8wNVzracsqSW1QEkAXjTNx+ycgAv06/1mQ==}
    dependencies:
      is-any-array: 2.0.0
      ml-array-max: 1.2.4
      ml-array-min: 1.2.3
    dev: true

  /ml-matrix/6.10.4:
    resolution: {integrity: sha512-rUyEhfNPzqFsltYwvjNeYQXlYEaVea3KgzcJKJteQUj2WVAGFx9fLNRjtMR9mg2B6bd5buxlmkZmxM4hmO+SKg==}
    dependencies:
      is-any-array: 2.0.0
      ml-array-rescale: 1.3.7
    dev: true

  /nanoid/3.3.4:
    resolution: {integrity: sha512-MqBkQh/OHTS2egovRtLk45wEyNXwF+cokD+1YPf9u5VfJiRdAiRwB2froX5Co9Rh20xs4siNPm8naNotSD6RBw==}
    engines: {node: ^10 || ^12 || ^13.7 || ^14 || >=15.0.1}
    hasBin: true
    dev: true

  /path-parse/1.0.7:
    resolution: {integrity: sha512-LDJzPVEEEPR+y48z93A0Ed0yXb8pAByGWo/k5YYdYgpY2/2EsOsksJrq7lOHxryrVOn1ejG6oAp8ahvOIQD8sw==}
    dev: true

  /picocolors/1.0.0:
    resolution: {integrity: sha512-1fygroTLlHu66zi26VoTDv8yRgm0Fccecssto+MhsZ0D/DGW2sm8E8AjW7NU5VVTRt5GxbeZ5qBuJr+HyLYkjQ==}
    dev: true

  /postcss/8.4.19:
    resolution: {integrity: sha512-h+pbPsyhlYj6N2ozBmHhHrs9DzGmbaarbLvWipMRO7RLS+v4onj26MPFXA5OBYFxyqYhUJK456SwDcY9H2/zsA==}
    engines: {node: ^10 || ^12 || >=14}
    dependencies:
      nanoid: 3.3.4
      picocolors: 1.0.0
      source-map-js: 1.0.2
    dev: true

  /preact/10.11.3:
    resolution: {integrity: sha512-eY93IVpod/zG3uMF22Unl8h9KkrcKIRs2EGar8hwLZZDU1lkjph303V9HZBwufh2s736U6VXuhD109LYqPoffg==}
    dev: true

  /probe.gl/3.5.2:
    resolution: {integrity: sha512-8lFQVmi7pMQZkqfj8+VjX4GU9HTkyxgRm5/h/xxA/4/IvZPv3qtP996L+awPwZsrPRKEw99t12SvqEHqSls/sA==}
    dependencies:
      '@babel/runtime': 7.20.6
      '@probe.gl/env': 3.5.2
      '@probe.gl/log': 3.5.2
      '@probe.gl/stats': 3.5.2
    dev: true

  /regenerator-runtime/0.13.11:
    resolution: {integrity: sha512-kY1AZVr2Ra+t+piVaJ4gxaFaReZVH40AKNo7UCX6W+dEwBo/2oZJzqfuN1qLq1oL45o56cPaTXELwrTh8Fpggg==}
    dev: true

  /regl/1.7.0:
    resolution: {integrity: sha512-bEAtp/qrtKucxXSJkD4ebopFZYP0q1+3Vb2WECWv/T8yQEgKxDxJ7ztO285tAMaYZVR6mM1GgI6CCn8FROtL1w==}
    dev: true

  /resolve/1.22.1:
    resolution: {integrity: sha512-nBpuuYuY5jFsli/JIs1oldw6fOQCBioohqWZg/2hiaOybXOft4lonv85uDOKXdf8rhyK159cxU5cDcK/NKk8zw==}
    hasBin: true
    dependencies:
      is-core-module: 2.11.0
      path-parse: 1.0.7
      supports-preserve-symlinks-flag: 1.0.0
    dev: true

  /rollup/2.79.1:
    resolution: {integrity: sha512-uKxbd0IhMZOhjAiD5oAFp7BqvkA4Dv47qpOCtaNvng4HBwdbWtdOh8f5nZNuk2rp51PMGk3bzfWu5oayNEuYnw==}
    engines: {node: '>=10.0.0'}
    hasBin: true
    optionalDependencies:
      fsevents: 2.3.2
    dev: true

  /shiki/0.11.1:
    resolution: {integrity: sha512-EugY9VASFuDqOexOgXR18ZV+TbFrQHeCpEYaXamO+SZlsnT/2LxuLBX25GGtIrwaEVFXUAbUQ601SWE2rMwWHA==}
    dependencies:
      jsonc-parser: 3.2.0
      vscode-oniguruma: 1.7.0
      vscode-textmate: 6.0.0
    dev: true

  /simple-swizzle/0.2.2:
    resolution: {integrity: sha512-JA//kQgZtbuY83m+xT+tXJkmJncGMTFT+C+g2h2R9uxkYIrE2yy9sgmcLhCnw57/WSD+Eh3J97FPEDFnbXnDUg==}
    dependencies:
      is-arrayish: 0.3.2
    dev: true

  /source-map-js/1.0.2:
    resolution: {integrity: sha512-R0XvVJ9WusLiqTCEiGCmICCMplcCkIwwR11mOSD9CR5u+IXYdiseeEuXCVAjS54zqwkLcPNnmU4OeJ6tUrWhDw==}
    engines: {node: '>=0.10.0'}
    dev: true

  /source-map/0.6.1:
    resolution: {integrity: sha512-UjgapumWlbMhkBgzT7Ykc5YXUT46F0iKu8SGXq0bcwP5dz/h0Plj6enJqjz1Zbq2l5WaqYnrVbwWOWMyF3F47g==}
    engines: {node: '>=0.10.0'}
    dev: true

  /sourcemap-codec/1.4.8:
    resolution: {integrity: sha512-9NykojV5Uih4lgo5So5dtw+f0JgJX30KCNI8gwhz2J9A15wD0Ml6tjHKwf6fTSa6fAdVBdZeNOs9eJ71qCk8vA==}
    deprecated: Please use @jridgewell/sourcemap-codec instead
    dev: true

  /supports-preserve-symlinks-flag/1.0.0:
    resolution: {integrity: sha512-ot0WnXS9fgdkgIcePe6RHNk1WA8+muPa6cSjeR3V8K27q9BB1rTE3R1p7Hv0z1ZyAc8s6Vvv8DIyWf681MAt0w==}
    engines: {node: '>= 0.4'}
    dev: true

  /tinycolor2/1.4.2:
    resolution: {integrity: sha512-vJhccZPs965sV/L2sU4oRQVAos0pQXwsvTLkWYdqJ+a8Q5kPFzJTuOFwy7UniPli44NKQGAglksjvOcpo95aZA==}
    dev: true

  /to-fast-properties/2.0.0:
    resolution: {integrity: sha512-/OaKK0xYrs3DmxRYqL/yDc+FxFUVYhDlXMhRmv3z915w2HF1tnN1omB354j8VUGO/hbRzyD6Y3sA7v7GS/ceog==}
    engines: {node: '>=4'}
    dev: true

  /tslib/2.4.1:
    resolution: {integrity: sha512-tGyy4dAjRIEwI7BzsB0lynWgOpfqjUdq91XXAlIWD2OwKBH7oCl/GZG/HT4BOHrTlPMOASlMQ7veyTqpmRcrNA==}
    dev: true

  /vite/3.2.4_@types+node@18.11.10:
    resolution: {integrity: sha512-Z2X6SRAffOUYTa+sLy3NQ7nlHFU100xwanq1WDwqaiFiCe+25zdxP1TfCS5ojPV2oDDcXudHIoPnI1Z/66B7Yw==}
    engines: {node: ^14.18.0 || >=16.0.0}
    hasBin: true
    peerDependencies:
      '@types/node': '>= 14'
      less: '*'
      sass: '*'
      stylus: '*'
      sugarss: '*'
      terser: ^5.4.0
    peerDependenciesMeta:
      '@types/node':
        optional: true
      less:
        optional: true
      sass:
        optional: true
      stylus:
        optional: true
      sugarss:
        optional: true
      terser:
        optional: true
    dependencies:
      '@types/node': 18.11.10
      esbuild: 0.15.17
      postcss: 8.4.19
      resolve: 1.22.1
      rollup: 2.79.1
    optionalDependencies:
      fsevents: 2.3.2
    dev: true

  /vitepress/1.0.0-alpha.29_@types+node@18.11.10:
    resolution: {integrity: sha512-oaRaeMLcN9M3Bxz97fFVF6Gzm3Aqtb0CijTt5TOW0XPzNPuKA0YpFnsmS97gdKmA+VztM6itRJ8K7JJuU0VS3g==}
    hasBin: true
    dependencies:
      '@docsearch/css': 3.3.0
      '@docsearch/js': 3.3.0
      '@vitejs/plugin-vue': 3.2.0_vite@3.2.4+vue@3.2.45
      '@vue/devtools-api': 6.4.5
      '@vueuse/core': 9.6.0_vue@3.2.45
      body-scroll-lock: 4.0.0-beta.0
      shiki: 0.11.1
      vite: 3.2.4_@types+node@18.11.10
      vue: 3.2.45
    transitivePeerDependencies:
      - '@algolia/client-search'
      - '@types/node'
      - '@types/react'
      - '@vue/composition-api'
      - less
      - react
      - react-dom
      - sass
      - stylus
      - sugarss
      - terser
    dev: true

  /vscode-oniguruma/1.7.0:
    resolution: {integrity: sha512-L9WMGRfrjOhgHSdOYgCt/yRMsXzLDJSL7BPrOZt73gU0iWO4mpqzqQzOz5srxqTvMBaR0XZTSrVWo4j55Rc6cA==}
    dev: true

  /vscode-textmate/6.0.0:
    resolution: {integrity: sha512-gu73tuZfJgu+mvCSy4UZwd2JXykjK9zAZsfmDeut5dx/1a7FeTk0XwJsSuqQn+cuMCGVbIBfl+s53X4T19DnzQ==}
    dev: true

  /vue-demi/0.13.11_vue@3.2.45:
    resolution: {integrity: sha512-IR8HoEEGM65YY3ZJYAjMlKygDQn25D5ajNFNoKh9RSDMQtlzCxtfQjdQgv9jjK+m3377SsJXY8ysq8kLCZL25A==}
    engines: {node: '>=12'}
    hasBin: true
    requiresBuild: true
    peerDependencies:
      '@vue/composition-api': ^1.0.0-rc.1
      vue: ^3.0.0-0 || ^2.6.0
    peerDependenciesMeta:
      '@vue/composition-api':
        optional: true
    dependencies:
      vue: 3.2.45
    dev: true

  /vue/3.2.45:
    resolution: {integrity: sha512-9Nx/Mg2b2xWlXykmCwiTUCWHbWIj53bnkizBxKai1g61f2Xit700A1ljowpTIM11e3uipOeiPcSqnmBg6gyiaA==}
    dependencies:
      '@vue/compiler-dom': 3.2.45
      '@vue/compiler-sfc': 3.2.45
      '@vue/runtime-dom': 3.2.45
      '@vue/server-renderer': 3.2.45_vue@3.2.45
      '@vue/shared': 3.2.45
    dev: true
